{
  "requires": true,
  "lockfileVersion": 1,
  "dependencies": {
    "angular-countdown-date-time": {
      "version": "0.1.0",
      "resolved": "https://registry.npmjs.org/angular-countdown-date-time/-/angular-countdown-date-time-0.1.0.tgz",
      "integrity": "sha512-nXBdRfw+pXaCfj636uq7LW2ywFU1ENZ11puRSovEk7fgGVxxefJAsCAaLb/GF9KpV5oc0OtTqC8RNVU/9e/QzQ==",
      "requires": {
        "tslib": "^1.9.0"
      }
    },
    "ng2-date-countdown": {
      "version": "1.1.3",
      "resolved": "https://registry.npmjs.org/ng2-date-countdown/-/ng2-date-countdown-1.1.3.tgz",
      "integrity": "sha512-MjVGpQWIIyEcZOLcZsP3f1nytBaFBtmQqY8nNcgSzNIT5YEjMoSSOANa2pmTQX9uToCgetxafKhJNFrYULbHsQ=="
    },
    "tslib": {
      "version": "1.14.1",
      "resolved": "https://registry.npmjs.org/tslib/-/tslib-1.14.1.tgz",
      "integrity": "sha512-Xni35NKzjgMrwevysHTCArtLDpPvye8zV/0E4EyYn43P7/7qvQwPh9BGkHewbMulVntbigmcT7rdX3BNo9wRJg=="
    }
  }
}
